// !$*UTF8*$!
{
	archiveVersion = 1;
	classes = {
	};
	objectVersion = 46;
	objects = {

/* Begin PBXBuildFile section */
		3018B43A13F9B94D00F61944 /* MainWindow-iPad.xib in Resources */ = {isa = PBXBuildFile; fileRef = 3018B43813F9B94D00F61944 /* MainWindow-iPad.xib */; };
		3085CC291415D68A00456CCC /* MenuButton@2x.png in Resources */ = {isa = PBXBuildFile; fileRef = 3085CC281415D68A00456CCC /* MenuButton@2x.png */; };
		30EA735E13F5D21B003DC0D2 /* UIKit.framework in Frameworks */ = {isa = PBXBuildFile; fileRef = 30EA735D13F5D21B003DC0D2 /* UIKit.framework */; };
		30EA736013F5D21B003DC0D2 /* Foundation.framework in Frameworks */ = {isa = PBXBuildFile; fileRef = 30EA735F13F5D21B003DC0D2 /* Foundation.framework */; };
		30EA736213F5D21B003DC0D2 /* CoreGraphics.framework in Frameworks */ = {isa = PBXBuildFile; fileRef = 30EA736113F5D21B003DC0D2 /* CoreGraphics.framework */; };
		30EA736813F5D21B003DC0D2 /* InfoPlist.strings in Resources */ = {isa = PBXBuildFile; fileRef = 30EA736613F5D21B003DC0D2 /* InfoPlist.strings */; };
		30EA736B13F5D21B003DC0D2 /* main.m in Sources */ = {isa = PBXBuildFile; fileRef = 30EA736A13F5D21B003DC0D2 /* main.m */; };
		30EA736E13F5D21B003DC0D2 /* HackbookAppDelegate.m in Sources */ = {isa = PBXBuildFile; fileRef = 30EA736D13F5D21B003DC0D2 /* HackbookAppDelegate.m */; };
		30EA737113F5D21B003DC0D2 /* MainWindow.xib in Resources */ = {isa = PBXBuildFile; fileRef = 30EA736F13F5D21B003DC0D2 /* MainWindow.xib */; };
		30EA737413F5D21B003DC0D2 /* RootViewController.m in Sources */ = {isa = PBXBuildFile; fileRef = 30EA737313F5D21B003DC0D2 /* RootViewController.m */; };
		30EA739813F5D372003DC0D2 /* APICallsViewController.m in Sources */ = {isa = PBXBuildFile; fileRef = 30EA738E13F5D372003DC0D2 /* APICallsViewController.m */; };
		30EA739A13F5D372003DC0D2 /* DataSet.m in Sources */ = {isa = PBXBuildFile; fileRef = 30EA739113F5D372003DC0D2 /* DataSet.m */; };
		30EA739B13F5D372003DC0D2 /* Default.png in Resources */ = {isa = PBXBuildFile; fileRef = 30EA739213F5D372003DC0D2 /* Default.png */; };
		30EA739C13F5D372003DC0D2 /* APIResultsViewController.m in Sources */ = {isa = PBXBuildFile; fileRef = 30EA739413F5D372003DC0D2 /* APIResultsViewController.m */; };
		30EA739F13F5D372003DC0D2 /* MenuButton.png in Resources */ = {isa = PBXBuildFile; fileRef = 30EA739713F5D372003DC0D2 /* MenuButton.png */; };
		30EA73FC13F5D590003DC0D2 /* CoreLocation.framework in Frameworks */ = {isa = PBXBuildFile; fileRef = 30EA73FB13F5D590003DC0D2 /* CoreLocation.framework */; };
		30ED588C14358F8A00A226C3 /* Default@2x.png in Resources */ = {isa = PBXBuildFile; fileRef = 30ED588B14358F8A00A226C3 /* Default@2x.png */; };
		84750AA0160A259400C1A13D /* Accounts.framework in Frameworks */ = {isa = PBXBuildFile; fileRef = 84750A9F160A259400C1A13D /* Accounts.framework */; settings = {ATTRIBUTES = (Weak, ); }; };
		85A928C016114663008699F1 /* Social.framework in Frameworks */ = {isa = PBXBuildFile; fileRef = 85A928BF16114663008699F1 /* Social.framework */; settings = {ATTRIBUTES = (Weak, ); }; };
		85AFB4E4158F9C5B000AF7F5 /* Icon-72.png in Resources */ = {isa = PBXBuildFile; fileRef = 85AFB4E0158F9C5B000AF7F5 /* Icon-72.png */; };
		85AFB4E5158F9C5B000AF7F5 /* Icon-72@2x.png in Resources */ = {isa = PBXBuildFile; fileRef = 85AFB4E1158F9C5B000AF7F5 /* Icon-72@2x.png */; };
		85AFB4E6158F9C5B000AF7F5 /* Icon.png in Resources */ = {isa = PBXBuildFile; fileRef = 85AFB4E2158F9C5B000AF7F5 /* Icon.png */; };
		85AFB4E7158F9C5B000AF7F5 /* Icon@2x.png in Resources */ = {isa = PBXBuildFile; fileRef = 85AFB4E3158F9C5B000AF7F5 /* Icon@2x.png */; };
		85C69D561602AFD4008AD9A0 /* Default-568h@2x.png in Resources */ = {isa = PBXBuildFile; fileRef = 85C69D551602AFD4008AD9A0 /* Default-568h@2x.png */; };
		8B8D7A0716667F1D00327778 /* Facebook.m in Sources */ = {isa = PBXBuildFile; fileRef = 8B8D798316667F1D00327778 /* Facebook.m */; };
		8B8D7A0816667F1D00327778 /* FacebookSDKResources.bundle in Resources */ = {isa = PBXBuildFile; fileRef = 8B8D798616667F1D00327778 /* FacebookSDKResources.bundle */; };
		8B8D7A0916667F1D00327778 /* FBCacheDescriptor.m in Sources */ = {isa = PBXBuildFile; fileRef = 8B8D798816667F1D00327778 /* FBCacheDescriptor.m */; };
		8B8D7A0A16667F1D00327778 /* FBCacheIndex.m in Sources */ = {isa = PBXBuildFile; fileRef = 8B8D798A16667F1D00327778 /* FBCacheIndex.m */; };
		8B8D7A0B16667F1D00327778 /* FBContentLink.m in Sources */ = {isa = PBXBuildFile; fileRef = 8B8D798D16667F1D00327778 /* FBContentLink.m */; };
		8B8D7A0C16667F1D00327778 /* FBDataDiskCache.m in Sources */ = {isa = PBXBuildFile; fileRef = 8B8D798F16667F1D00327778 /* FBDataDiskCache.m */; };
		8B8D7A0D16667F1D00327778 /* FBDialog.m in Sources */ = {isa = PBXBuildFile; fileRef = 8B8D799116667F1D00327778 /* FBDialog.m */; };
		8B8D7A0E16667F1D00327778 /* FBError.m in Sources */ = {isa = PBXBuildFile; fileRef = 8B8D799316667F1D00327778 /* FBError.m */; };
		8B8D7A0F16667F1D00327778 /* FBFrictionlessRequestSettings.m in Sources */ = {isa = PBXBuildFile; fileRef = 8B8D799516667F1D00327778 /* FBFrictionlessRequestSettings.m */; };
		8B8D7A1016667F1D00327778 /* FBFriendPickerCacheDescriptor.m in Sources */ = {isa = PBXBuildFile; fileRef = 8B8D799716667F1D00327778 /* FBFriendPickerCacheDescriptor.m */; };
		8B8D7A1116667F1D00327778 /* FBFriendPickerViewController.m in Sources */ = {isa = PBXBuildFile; fileRef = 8B8D799A16667F1D00327778 /* FBFriendPickerViewController.m */; };
		8B8D7A1216667F1D00327778 /* FBGraphObject.m in Sources */ = {isa = PBXBuildFile; fileRef = 8B8D799D16667F1D00327778 /* FBGraphObject.m */; };
		8B8D7A1316667F1D00327778 /* FBGraphObjectPagingLoader.m in Sources */ = {isa = PBXBuildFile; fileRef = 8B8D799F16667F1D00327778 /* FBGraphObjectPagingLoader.m */; };
		8B8D7A1416667F1D00327778 /* FBGraphObjectTableCell.m in Sources */ = {isa = PBXBuildFile; fileRef = 8B8D79A116667F1D00327778 /* FBGraphObjectTableCell.m */; };
		8B8D7A1516667F1D00327778 /* FBGraphObjectTableDataSource.m in Sources */ = {isa = PBXBuildFile; fileRef = 8B8D79A316667F1D00327778 /* FBGraphObjectTableDataSource.m */; };
		8B8D7A1616667F1D00327778 /* FBGraphObjectTableSelection.m in Sources */ = {isa = PBXBuildFile; fileRef = 8B8D79A516667F1D00327778 /* FBGraphObjectTableSelection.m */; };
		8B8D7A1716667F1D00327778 /* FBLogger.m in Sources */ = {isa = PBXBuildFile; fileRef = 8B8D79A916667F1D00327778 /* FBLogger.m */; };
		8B8D7A1816667F1D00327778 /* FBLoginDialog.m in Sources */ = {isa = PBXBuildFile; fileRef = 8B8D79AB16667F1D00327778 /* FBLoginDialog.m */; };
		8B8D7A1916667F1D00327778 /* FBLoginView.m in Sources */ = {isa = PBXBuildFile; fileRef = 8B8D79AD16667F1D00327778 /* FBLoginView.m */; };
		8B8D7A1A16667F1D00327778 /* FBNativeDialogs.m in Sources */ = {isa = PBXBuildFile; fileRef = 8B8D79AF16667F1D00327778 /* FBNativeDialogs.m */; };
		8B8D7A1B16667F1D00327778 /* FBPlacePickerCacheDescriptor.m in Sources */ = {isa = PBXBuildFile; fileRef = 8B8D79B216667F1D00327778 /* FBPlacePickerCacheDescriptor.m */; };
		8B8D7A1C16667F1D00327778 /* FBPlacePickerViewController.m in Sources */ = {isa = PBXBuildFile; fileRef = 8B8D79B516667F1D00327778 /* FBPlacePickerViewController.m */; };
		8B8D7A1D16667F1D00327778 /* FBProfilePictureView.m in Sources */ = {isa = PBXBuildFile; fileRef = 8B8D79B716667F1D00327778 /* FBProfilePictureView.m */; };
		8B8D7A1E16667F1D00327778 /* FBRequest.m in Sources */ = {isa = PBXBuildFile; fileRef = 8B8D79B916667F1D00327778 /* FBRequest.m */; };
		8B8D7A1F16667F1D00327778 /* FBRequestBody.m in Sources */ = {isa = PBXBuildFile; fileRef = 8B8D79BB16667F1D00327778 /* FBRequestBody.m */; };
		8B8D7A2016667F1D00327778 /* FBRequestConnection.m in Sources */ = {isa = PBXBuildFile; fileRef = 8B8D79BE16667F1D00327778 /* FBRequestConnection.m */; };
		8B8D7A2116667F1D00327778 /* FBSession.m in Sources */ = {isa = PBXBuildFile; fileRef = 8B8D79C316667F1D00327778 /* FBSession.m */; };
		8B8D7A2216667F1D00327778 /* FBSessionManualTokenCachingStrategy.m in Sources */ = {isa = PBXBuildFile; fileRef = 8B8D79C516667F1D00327778 /* FBSessionManualTokenCachingStrategy.m */; };
		8B8D7A2316667F1D00327778 /* FBSessionTokenCachingStrategy.m in Sources */ = {isa = PBXBuildFile; fileRef = 8B8D79C716667F1D00327778 /* FBSessionTokenCachingStrategy.m */; };
		8B8D7A2416667F1D00327778 /* FBSettings.m in Sources */ = {isa = PBXBuildFile; fileRef = 8B8D79CA16667F1D00327778 /* FBSettings.m */; };
		8B8D7A2516667F1D00327778 /* FBTestSession.m in Sources */ = {isa = PBXBuildFile; fileRef = 8B8D79CD16667F1D00327778 /* FBTestSession.m */; };
		8B8D7A2616667F1D00327778 /* FBURLConnection.m in Sources */ = {isa = PBXBuildFile; fileRef = 8B8D79CF16667F1D00327778 /* FBURLConnection.m */; };
		8B8D7A2716667F1D00327778 /* FBUserSettingsViewController.m in Sources */ = {isa = PBXBuildFile; fileRef = 8B8D79D116667F1D00327778 /* FBUserSettingsViewController.m */; };
		8B8D7A2816667F1D00327778 /* FBUserSettingsViewResources.bundle in Resources */ = {isa = PBXBuildFile; fileRef = 8B8D79D216667F1D00327778 /* FBUserSettingsViewResources.bundle */; };
		8B8D7A2916667F1D00327778 /* FBUtility.m in Sources */ = {isa = PBXBuildFile; fileRef = 8B8D79D416667F1D00327778 /* FBUtility.m */; };
		8B8D7A2A16667F1D00327778 /* FBViewController.m in Sources */ = {isa = PBXBuildFile; fileRef = 8B8D79D716667F1D00327778 /* FBViewController.m */; };
		8B8D7A2C16667F1D00327778 /* FBSBJSON.m in Sources */ = {isa = PBXBuildFile; fileRef = 8B8D79DD16667F1D00327778 /* FBSBJSON.m */; };
		8B8D7A2D16667F1D00327778 /* FBSBJsonBase.m in Sources */ = {isa = PBXBuildFile; fileRef = 8B8D79DF16667F1D00327778 /* FBSBJsonBase.m */; };
		8B8D7A2E16667F1D00327778 /* FBSBJsonParser.m in Sources */ = {isa = PBXBuildFile; fileRef = 8B8D79E116667F1D00327778 /* FBSBJsonParser.m */; };
		8B8D7A2F16667F1D00327778 /* FBSBJsonWriter.m in Sources */ = {isa = PBXBuildFile; fileRef = 8B8D79E316667F1D00327778 /* FBSBJsonWriter.m */; };
		8B8D7A3016667F1D00327778 /* 01package-contents.xml in Resources */ = {isa = PBXBuildFile; fileRef = 8B8D79E616667F1D00327778 /* 01package-contents.xml */; };
		8B8D7A3116667F1D00327778 /* 01package.xml in Resources */ = {isa = PBXBuildFile; fileRef = 8B8D79E716667F1D00327778 /* 01package.xml */; };
		8B8D7A3216667F1D00327778 /* index.xml in Resources */ = {isa = PBXBuildFile; fileRef = 8B8D79E816667F1D00327778 /* index.xml */; };
		B9A4168016113EC3001E7A77 /* AdSupport.framework in Frameworks */ = {isa = PBXBuildFile; fileRef = B9A4167F16113EC3001E7A77 /* AdSupport.framework */; settings = {ATTRIBUTES = (Weak, ); }; };
/* End PBXBuildFile section */

/* Begin PBXFileReference section */
		3018B43913F9B94D00F61944 /* en */ = {isa = PBXFileReference; lastKnownFileType = file.xib; name = en; path = "iPad/en.lproj/MainWindow-iPad.xib"; sourceTree = "<group>"; };
		3085CC281415D68A00456CCC /* MenuButton@2x.png */ = {isa = PBXFileReference; lastKnownFileType = image.png; path = "MenuButton@2x.png"; sourceTree = "<group>"; };
		30EA735913F5D21B003DC0D2 /* Hackbook.app */ = {isa = PBXFileReference; explicitFileType = wrapper.application; includeInIndex = 0; path = Hackbook.app; sourceTree = BUILT_PRODUCTS_DIR; };
		30EA735D13F5D21B003DC0D2 /* UIKit.framework */ = {isa = PBXFileReference; lastKnownFileType = wrapper.framework; name = UIKit.framework; path = System/Library/Frameworks/UIKit.framework; sourceTree = SDKROOT; };
		30EA735F13F5D21B003DC0D2 /* Foundation.framework */ = {isa = PBXFileReference; lastKnownFileType = wrapper.framework; name = Foundation.framework; path = System/Library/Frameworks/Foundation.framework; sourceTree = SDKROOT; };
		30EA736113F5D21B003DC0D2 /* CoreGraphics.framework */ = {isa = PBXFileReference; lastKnownFileType = wrapper.framework; name = CoreGraphics.framework; path = System/Library/Frameworks/CoreGraphics.framework; sourceTree = SDKROOT; };
		30EA736513F5D21B003DC0D2 /* Hackbook-Info.plist */ = {isa = PBXFileReference; lastKnownFileType = text.plist.xml; path = "Hackbook-Info.plist"; sourceTree = "<group>"; };
		30EA736713F5D21B003DC0D2 /* en */ = {isa = PBXFileReference; lastKnownFileType = text.plist.strings; name = en; path = en.lproj/InfoPlist.strings; sourceTree = "<group>"; };
		30EA736913F5D21B003DC0D2 /* Hackbook-Prefix.pch */ = {isa = PBXFileReference; lastKnownFileType = sourcecode.c.h; path = "Hackbook-Prefix.pch"; sourceTree = "<group>"; };
		30EA736A13F5D21B003DC0D2 /* main.m */ = {isa = PBXFileReference; lastKnownFileType = sourcecode.c.objc; path = main.m; sourceTree = "<group>"; };
		30EA736C13F5D21B003DC0D2 /* HackbookAppDelegate.h */ = {isa = PBXFileReference; lastKnownFileType = sourcecode.c.h; path = HackbookAppDelegate.h; sourceTree = "<group>"; };
		30EA736D13F5D21B003DC0D2 /* HackbookAppDelegate.m */ = {isa = PBXFileReference; lastKnownFileType = sourcecode.c.objc; path = HackbookAppDelegate.m; sourceTree = "<group>"; };
		30EA737013F5D21B003DC0D2 /* en */ = {isa = PBXFileReference; lastKnownFileType = file.xib; name = en; path = en.lproj/MainWindow.xib; sourceTree = "<group>"; };
		30EA737213F5D21B003DC0D2 /* RootViewController.h */ = {isa = PBXFileReference; lastKnownFileType = sourcecode.c.h; path = RootViewController.h; sourceTree = "<group>"; };
		30EA737313F5D21B003DC0D2 /* RootViewController.m */ = {isa = PBXFileReference; lastKnownFileType = sourcecode.c.objc; path = RootViewController.m; sourceTree = "<group>"; };
		30EA738D13F5D372003DC0D2 /* APICallsViewController.h */ = {isa = PBXFileReference; fileEncoding = 4; lastKnownFileType = sourcecode.c.h; path = APICallsViewController.h; sourceTree = "<group>"; };
		30EA738E13F5D372003DC0D2 /* APICallsViewController.m */ = {isa = PBXFileReference; fileEncoding = 4; lastKnownFileType = sourcecode.c.objc; path = APICallsViewController.m; sourceTree = "<group>"; };
		30EA739013F5D372003DC0D2 /* DataSet.h */ = {isa = PBXFileReference; fileEncoding = 4; lastKnownFileType = sourcecode.c.h; path = DataSet.h; sourceTree = "<group>"; };
		30EA739113F5D372003DC0D2 /* DataSet.m */ = {isa = PBXFileReference; fileEncoding = 4; lastKnownFileType = sourcecode.c.objc; path = DataSet.m; sourceTree = "<group>"; };
		30EA739213F5D372003DC0D2 /* Default.png */ = {isa = PBXFileReference; lastKnownFileType = image.png; path = Default.png; sourceTree = "<group>"; };
		30EA739313F5D372003DC0D2 /* APIResultsViewController.h */ = {isa = PBXFileReference; fileEncoding = 4; lastKnownFileType = sourcecode.c.h; path = APIResultsViewController.h; sourceTree = "<group>"; };
		30EA739413F5D372003DC0D2 /* APIResultsViewController.m */ = {isa = PBXFileReference; fileEncoding = 4; lastKnownFileType = sourcecode.c.objc; path = APIResultsViewController.m; sourceTree = "<group>"; };
		30EA739713F5D372003DC0D2 /* MenuButton.png */ = {isa = PBXFileReference; lastKnownFileType = image.png; path = MenuButton.png; sourceTree = "<group>"; };
		30EA73FB13F5D590003DC0D2 /* CoreLocation.framework */ = {isa = PBXFileReference; lastKnownFileType = wrapper.framework; name = CoreLocation.framework; path = System/Library/Frameworks/CoreLocation.framework; sourceTree = SDKROOT; };
		30ED588B14358F8A00A226C3 /* Default@2x.png */ = {isa = PBXFileReference; lastKnownFileType = image.png; path = "Default@2x.png"; sourceTree = "<group>"; };
		84750A9F160A259400C1A13D /* Accounts.framework */ = {isa = PBXFileReference; lastKnownFileType = wrapper.framework; name = Accounts.framework; path = System/Library/Frameworks/Accounts.framework; sourceTree = SDKROOT; };
		85A928BF16114663008699F1 /* Social.framework */ = {isa = PBXFileReference; lastKnownFileType = wrapper.framework; name = Social.framework; path = System/Library/Frameworks/Social.framework; sourceTree = SDKROOT; };
		85AFB4E0158F9C5B000AF7F5 /* Icon-72.png */ = {isa = PBXFileReference; lastKnownFileType = image.png; path = "Icon-72.png"; sourceTree = "<group>"; };
		85AFB4E1158F9C5B000AF7F5 /* Icon-72@2x.png */ = {isa = PBXFileReference; lastKnownFileType = image.png; path = "Icon-72@2x.png"; sourceTree = "<group>"; };
		85AFB4E2158F9C5B000AF7F5 /* Icon.png */ = {isa = PBXFileReference; lastKnownFileType = image.png; path = Icon.png; sourceTree = "<group>"; };
		85AFB4E3158F9C5B000AF7F5 /* Icon@2x.png */ = {isa = PBXFileReference; lastKnownFileType = image.png; path = "Icon@2x.png"; sourceTree = "<group>"; };
		85C69D551602AFD4008AD9A0 /* Default-568h@2x.png */ = {isa = PBXFileReference; lastKnownFileType = image.png; path = "Default-568h@2x.png"; sourceTree = "<group>"; };
		8B8D798216667F1D00327778 /* Facebook.h */ = {isa = PBXFileReference; fileEncoding = 4; lastKnownFileType = sourcecode.c.h; path = Facebook.h; sourceTree = "<group>"; };
		8B8D798316667F1D00327778 /* Facebook.m */ = {isa = PBXFileReference; fileEncoding = 4; lastKnownFileType = sourcecode.c.objc; path = Facebook.m; sourceTree = "<group>"; };
		8B8D798416667F1D00327778 /* facebook_ios_sdk_Prefix.pch */ = {isa = PBXFileReference; fileEncoding = 4; lastKnownFileType = sourcecode.c.h; path = facebook_ios_sdk_Prefix.pch; sourceTree = "<group>"; };
		8B8D798516667F1D00327778 /* FacebookSDK.h */ = {isa = PBXFileReference; fileEncoding = 4; lastKnownFileType = sourcecode.c.h; path = FacebookSDK.h; sourceTree = "<group>"; };
		8B8D798616667F1D00327778 /* FacebookSDKResources.bundle */ = {isa = PBXFileReference; lastKnownFileType = "wrapper.plug-in"; path = FacebookSDKResources.bundle; sourceTree = "<group>"; };
		8B8D798716667F1D00327778 /* FBCacheDescriptor.h */ = {isa = PBXFileReference; fileEncoding = 4; lastKnownFileType = sourcecode.c.h; path = FBCacheDescriptor.h; sourceTree = "<group>"; };
		8B8D798816667F1D00327778 /* FBCacheDescriptor.m */ = {isa = PBXFileReference; fileEncoding = 4; lastKnownFileType = sourcecode.c.objc; path = FBCacheDescriptor.m; sourceTree = "<group>"; };
		8B8D798916667F1D00327778 /* FBCacheIndex.h */ = {isa = PBXFileReference; fileEncoding = 4; lastKnownFileType = sourcecode.c.h; path = FBCacheIndex.h; sourceTree = "<group>"; };
		8B8D798A16667F1D00327778 /* FBCacheIndex.m */ = {isa = PBXFileReference; fileEncoding = 4; lastKnownFileType = sourcecode.c.objc; path = FBCacheIndex.m; sourceTree = "<group>"; };
		8B8D798B16667F1D00327778 /* FBConnect.h */ = {isa = PBXFileReference; fileEncoding = 4; lastKnownFileType = sourcecode.c.h; path = FBConnect.h; sourceTree = "<group>"; };
		8B8D798C16667F1D00327778 /* FBContentLink.h */ = {isa = PBXFileReference; fileEncoding = 4; lastKnownFileType = sourcecode.c.h; path = FBContentLink.h; sourceTree = "<group>"; };
		8B8D798D16667F1D00327778 /* FBContentLink.m */ = {isa = PBXFileReference; fileEncoding = 4; lastKnownFileType = sourcecode.c.objc; path = FBContentLink.m; sourceTree = "<group>"; };
		8B8D798E16667F1D00327778 /* FBDataDiskCache.h */ = {isa = PBXFileReference; fileEncoding = 4; lastKnownFileType = sourcecode.c.h; path = FBDataDiskCache.h; sourceTree = "<group>"; };
		8B8D798F16667F1D00327778 /* FBDataDiskCache.m */ = {isa = PBXFileReference; fileEncoding = 4; lastKnownFileType = sourcecode.c.objc; path = FBDataDiskCache.m; sourceTree = "<group>"; };
		8B8D799016667F1D00327778 /* FBDialog.h */ = {isa = PBXFileReference; fileEncoding = 4; lastKnownFileType = sourcecode.c.h; path = FBDialog.h; sourceTree = "<group>"; };
		8B8D799116667F1D00327778 /* FBDialog.m */ = {isa = PBXFileReference; fileEncoding = 4; lastKnownFileType = sourcecode.c.objc; path = FBDialog.m; sourceTree = "<group>"; };
		8B8D799216667F1D00327778 /* FBError.h */ = {isa = PBXFileReference; fileEncoding = 4; lastKnownFileType = sourcecode.c.h; path = FBError.h; sourceTree = "<group>"; };
		8B8D799316667F1D00327778 /* FBError.m */ = {isa = PBXFileReference; fileEncoding = 4; lastKnownFileType = sourcecode.c.objc; path = FBError.m; sourceTree = "<group>"; };
		8B8D799416667F1D00327778 /* FBFrictionlessRequestSettings.h */ = {isa = PBXFileReference; fileEncoding = 4; lastKnownFileType = sourcecode.c.h; path = FBFrictionlessRequestSettings.h; sourceTree = "<group>"; };
		8B8D799516667F1D00327778 /* FBFrictionlessRequestSettings.m */ = {isa = PBXFileReference; fileEncoding = 4; lastKnownFileType = sourcecode.c.objc; path = FBFrictionlessRequestSettings.m; sourceTree = "<group>"; };
		8B8D799616667F1D00327778 /* FBFriendPickerCacheDescriptor.h */ = {isa = PBXFileReference; fileEncoding = 4; lastKnownFileType = sourcecode.c.h; path = FBFriendPickerCacheDescriptor.h; sourceTree = "<group>"; };
		8B8D799716667F1D00327778 /* FBFriendPickerCacheDescriptor.m */ = {isa = PBXFileReference; fileEncoding = 4; lastKnownFileType = sourcecode.c.objc; path = FBFriendPickerCacheDescriptor.m; sourceTree = "<group>"; };
		8B8D799816667F1D00327778 /* FBFriendPickerViewController+Internal.h */ = {isa = PBXFileReference; fileEncoding = 4; lastKnownFileType = sourcecode.c.h; path = "FBFriendPickerViewController+Internal.h"; sourceTree = "<group>"; };
		8B8D799916667F1D00327778 /* FBFriendPickerViewController.h */ = {isa = PBXFileReference; fileEncoding = 4; lastKnownFileType = sourcecode.c.h; path = FBFriendPickerViewController.h; sourceTree = "<group>"; };
		8B8D799A16667F1D00327778 /* FBFriendPickerViewController.m */ = {isa = PBXFileReference; fileEncoding = 4; lastKnownFileType = sourcecode.c.objc; path = FBFriendPickerViewController.m; sourceTree = "<group>"; };
		8B8D799B16667F1D00327778 /* FBGraphLocation.h */ = {isa = PBXFileReference; fileEncoding = 4; lastKnownFileType = sourcecode.c.h; path = FBGraphLocation.h; sourceTree = "<group>"; };
		8B8D799C16667F1D00327778 /* FBGraphObject.h */ = {isa = PBXFileReference; fileEncoding = 4; lastKnownFileType = sourcecode.c.h; path = FBGraphObject.h; sourceTree = "<group>"; };
		8B8D799D16667F1D00327778 /* FBGraphObject.m */ = {isa = PBXFileReference; fileEncoding = 4; lastKnownFileType = sourcecode.c.objc; path = FBGraphObject.m; sourceTree = "<group>"; };
		8B8D799E16667F1D00327778 /* FBGraphObjectPagingLoader.h */ = {isa = PBXFileReference; fileEncoding = 4; lastKnownFileType = sourcecode.c.h; path = FBGraphObjectPagingLoader.h; sourceTree = "<group>"; };
		8B8D799F16667F1D00327778 /* FBGraphObjectPagingLoader.m */ = {isa = PBXFileReference; fileEncoding = 4; lastKnownFileType = sourcecode.c.objc; path = FBGraphObjectPagingLoader.m; sourceTree = "<group>"; };
		8B8D79A016667F1D00327778 /* FBGraphObjectTableCell.h */ = {isa = PBXFileReference; fileEncoding = 4; lastKnownFileType = sourcecode.c.h; path = FBGraphObjectTableCell.h; sourceTree = "<group>"; };
		8B8D79A116667F1D00327778 /* FBGraphObjectTableCell.m */ = {isa = PBXFileReference; fileEncoding = 4; lastKnownFileType = sourcecode.c.objc; path = FBGraphObjectTableCell.m; sourceTree = "<group>"; };
		8B8D79A216667F1D00327778 /* FBGraphObjectTableDataSource.h */ = {isa = PBXFileReference; fileEncoding = 4; lastKnownFileType = sourcecode.c.h; path = FBGraphObjectTableDataSource.h; sourceTree = "<group>"; };
		8B8D79A316667F1D00327778 /* FBGraphObjectTableDataSource.m */ = {isa = PBXFileReference; fileEncoding = 4; lastKnownFileType = sourcecode.c.objc; path = FBGraphObjectTableDataSource.m; sourceTree = "<group>"; };
		8B8D79A416667F1D00327778 /* FBGraphObjectTableSelection.h */ = {isa = PBXFileReference; fileEncoding = 4; lastKnownFileType = sourcecode.c.h; path = FBGraphObjectTableSelection.h; sourceTree = "<group>"; };
		8B8D79A516667F1D00327778 /* FBGraphObjectTableSelection.m */ = {isa = PBXFileReference; fileEncoding = 4; lastKnownFileType = sourcecode.c.objc; path = FBGraphObjectTableSelection.m; sourceTree = "<group>"; };
		8B8D79A616667F1D00327778 /* FBGraphPlace.h */ = {isa = PBXFileReference; fileEncoding = 4; lastKnownFileType = sourcecode.c.h; path = FBGraphPlace.h; sourceTree = "<group>"; };
		8B8D79A716667F1D00327778 /* FBGraphUser.h */ = {isa = PBXFileReference; fileEncoding = 4; lastKnownFileType = sourcecode.c.h; path = FBGraphUser.h; sourceTree = "<group>"; };
		8B8D79A816667F1D00327778 /* FBLogger.h */ = {isa = PBXFileReference; fileEncoding = 4; lastKnownFileType = sourcecode.c.h; path = FBLogger.h; sourceTree = "<group>"; };
		8B8D79A916667F1D00327778 /* FBLogger.m */ = {isa = PBXFileReference; fileEncoding = 4; lastKnownFileType = sourcecode.c.objc; path = FBLogger.m; sourceTree = "<group>"; };
		8B8D79AA16667F1D00327778 /* FBLoginDialog.h */ = {isa = PBXFileReference; fileEncoding = 4; lastKnownFileType = sourcecode.c.h; path = FBLoginDialog.h; sourceTree = "<group>"; };
		8B8D79AB16667F1D00327778 /* FBLoginDialog.m */ = {isa = PBXFileReference; fileEncoding = 4; lastKnownFileType = sourcecode.c.objc; path = FBLoginDialog.m; sourceTree = "<group>"; };
		8B8D79AC16667F1D00327778 /* FBLoginView.h */ = {isa = PBXFileReference; fileEncoding = 4; lastKnownFileType = sourcecode.c.h; path = FBLoginView.h; sourceTree = "<group>"; };
		8B8D79AD16667F1D00327778 /* FBLoginView.m */ = {isa = PBXFileReference; fileEncoding = 4; lastKnownFileType = sourcecode.c.objc; path = FBLoginView.m; sourceTree = "<group>"; };
		8B8D79AE16667F1D00327778 /* FBNativeDialogs.h */ = {isa = PBXFileReference; fileEncoding = 4; lastKnownFileType = sourcecode.c.h; path = FBNativeDialogs.h; sourceTree = "<group>"; };
		8B8D79AF16667F1D00327778 /* FBNativeDialogs.m */ = {isa = PBXFileReference; fileEncoding = 4; lastKnownFileType = sourcecode.c.objc; path = FBNativeDialogs.m; sourceTree = "<group>"; };
		8B8D79B016667F1D00327778 /* FBOpenGraphAction.h */ = {isa = PBXFileReference; fileEncoding = 4; lastKnownFileType = sourcecode.c.h; path = FBOpenGraphAction.h; sourceTree = "<group>"; };
		8B8D79B116667F1D00327778 /* FBPlacePickerCacheDescriptor.h */ = {isa = PBXFileReference; fileEncoding = 4; lastKnownFileType = sourcecode.c.h; path = FBPlacePickerCacheDescriptor.h; sourceTree = "<group>"; };
		8B8D79B216667F1D00327778 /* FBPlacePickerCacheDescriptor.m */ = {isa = PBXFileReference; fileEncoding = 4; lastKnownFileType = sourcecode.c.objc; path = FBPlacePickerCacheDescriptor.m; sourceTree = "<group>"; };
		8B8D79B316667F1D00327778 /* FBPlacePickerViewController+Internal.h */ = {isa = PBXFileReference; fileEncoding = 4; lastKnownFileType = sourcecode.c.h; path = "FBPlacePickerViewController+Internal.h"; sourceTree = "<group>"; };
		8B8D79B416667F1D00327778 /* FBPlacePickerViewController.h */ = {isa = PBXFileReference; fileEncoding = 4; lastKnownFileType = sourcecode.c.h; path = FBPlacePickerViewController.h; sourceTree = "<group>"; };
		8B8D79B516667F1D00327778 /* FBPlacePickerViewController.m */ = {isa = PBXFileReference; fileEncoding = 4; lastKnownFileType = sourcecode.c.objc; path = FBPlacePickerViewController.m; sourceTree = "<group>"; };
		8B8D79B616667F1D00327778 /* FBProfilePictureView.h */ = {isa = PBXFileReference; fileEncoding = 4; lastKnownFileType = sourcecode.c.h; path = FBProfilePictureView.h; sourceTree = "<group>"; };
		8B8D79B716667F1D00327778 /* FBProfilePictureView.m */ = {isa = PBXFileReference; fileEncoding = 4; lastKnownFileType = sourcecode.c.objc; path = FBProfilePictureView.m; sourceTree = "<group>"; };
		8B8D79B816667F1D00327778 /* FBRequest.h */ = {isa = PBXFileReference; fileEncoding = 4; lastKnownFileType = sourcecode.c.h; path = FBRequest.h; sourceTree = "<group>"; };
		8B8D79B916667F1D00327778 /* FBRequest.m */ = {isa = PBXFileReference; fileEncoding = 4; lastKnownFileType = sourcecode.c.objc; path = FBRequest.m; sourceTree = "<group>"; };
		8B8D79BA16667F1D00327778 /* FBRequestBody.h */ = {isa = PBXFileReference; fileEncoding = 4; lastKnownFileType = sourcecode.c.h; path = FBRequestBody.h; sourceTree = "<group>"; };
		8B8D79BB16667F1D00327778 /* FBRequestBody.m */ = {isa = PBXFileReference; fileEncoding = 4; lastKnownFileType = sourcecode.c.objc; path = FBRequestBody.m; sourceTree = "<group>"; };
		8B8D79BC16667F1D00327778 /* FBRequestConnection+Internal.h */ = {isa = PBXFileReference; fileEncoding = 4; lastKnownFileType = sourcecode.c.h; path = "FBRequestConnection+Internal.h"; sourceTree = "<group>"; };
		8B8D79BD16667F1D00327778 /* FBRequestConnection.h */ = {isa = PBXFileReference; fileEncoding = 4; lastKnownFileType = sourcecode.c.h; path = FBRequestConnection.h; sourceTree = "<group>"; };
		8B8D79BE16667F1D00327778 /* FBRequestConnection.m */ = {isa = PBXFileReference; fileEncoding = 4; lastKnownFileType = sourcecode.c.objc; path = FBRequestConnection.m; sourceTree = "<group>"; };
		8B8D79BF16667F1D00327778 /* FBSDKVersion.h */ = {isa = PBXFileReference; fileEncoding = 4; lastKnownFileType = sourcecode.c.h; path = FBSDKVersion.h; sourceTree = "<group>"; };
		8B8D79C016667F1D00327778 /* FBSession+Internal.h */ = {isa = PBXFileReference; fileEncoding = 4; lastKnownFileType = sourcecode.c.h; path = "FBSession+Internal.h"; sourceTree = "<group>"; };
		8B8D79C116667F1D00327778 /* FBSession+Protected.h */ = {isa = PBXFileReference; fileEncoding = 4; lastKnownFileType = sourcecode.c.h; path = "FBSession+Protected.h"; sourceTree = "<group>"; };
		8B8D79C216667F1D00327778 /* FBSession.h */ = {isa = PBXFileReference; fileEncoding = 4; lastKnownFileType = sourcecode.c.h; path = FBSession.h; sourceTree = "<group>"; };
		8B8D79C316667F1D00327778 /* FBSession.m */ = {isa = PBXFileReference; fileEncoding = 4; lastKnownFileType = sourcecode.c.objc; path = FBSession.m; sourceTree = "<group>"; };
		8B8D79C416667F1D00327778 /* FBSessionManualTokenCachingStrategy.h */ = {isa = PBXFileReference; fileEncoding = 4; lastKnownFileType = sourcecode.c.h; path = FBSessionManualTokenCachingStrategy.h; sourceTree = "<group>"; };
		8B8D79C516667F1D00327778 /* FBSessionManualTokenCachingStrategy.m */ = {isa = PBXFileReference; fileEncoding = 4; lastKnownFileType = sourcecode.c.objc; path = FBSessionManualTokenCachingStrategy.m; sourceTree = "<group>"; };
		8B8D79C616667F1D00327778 /* FBSessionTokenCachingStrategy.h */ = {isa = PBXFileReference; fileEncoding = 4; lastKnownFileType = sourcecode.c.h; path = FBSessionTokenCachingStrategy.h; sourceTree = "<group>"; };
		8B8D79C716667F1D00327778 /* FBSessionTokenCachingStrategy.m */ = {isa = PBXFileReference; fileEncoding = 4; lastKnownFileType = sourcecode.c.objc; path = FBSessionTokenCachingStrategy.m; sourceTree = "<group>"; };
		8B8D79C816667F1D00327778 /* FBSettings+Internal.h */ = {isa = PBXFileReference; fileEncoding = 4; lastKnownFileType = sourcecode.c.h; path = "FBSettings+Internal.h"; sourceTree = "<group>"; };
		8B8D79C916667F1D00327778 /* FBSettings.h */ = {isa = PBXFileReference; fileEncoding = 4; lastKnownFileType = sourcecode.c.h; path = FBSettings.h; sourceTree = "<group>"; };
		8B8D79CA16667F1D00327778 /* FBSettings.m */ = {isa = PBXFileReference; fileEncoding = 4; lastKnownFileType = sourcecode.c.objc; path = FBSettings.m; sourceTree = "<group>"; };
		8B8D79CB16667F1D00327778 /* FBTestSession+Internal.h */ = {isa = PBXFileReference; fileEncoding = 4; lastKnownFileType = sourcecode.c.h; path = "FBTestSession+Internal.h"; sourceTree = "<group>"; };
		8B8D79CC16667F1D00327778 /* FBTestSession.h */ = {isa = PBXFileReference; fileEncoding = 4; lastKnownFileType = sourcecode.c.h; path = FBTestSession.h; sourceTree = "<group>"; };
		8B8D79CD16667F1D00327778 /* FBTestSession.m */ = {isa = PBXFileReference; fileEncoding = 4; lastKnownFileType = sourcecode.c.objc; path = FBTestSession.m; sourceTree = "<group>"; };
		8B8D79CE16667F1D00327778 /* FBURLConnection.h */ = {isa = PBXFileReference; fileEncoding = 4; lastKnownFileType = sourcecode.c.h; path = FBURLConnection.h; sourceTree = "<group>"; };
		8B8D79CF16667F1D00327778 /* FBURLConnection.m */ = {isa = PBXFileReference; fileEncoding = 4; lastKnownFileType = sourcecode.c.objc; path = FBURLConnection.m; sourceTree = "<group>"; };
		8B8D79D016667F1D00327778 /* FBUserSettingsViewController.h */ = {isa = PBXFileReference; fileEncoding = 4; lastKnownFileType = sourcecode.c.h; path = FBUserSettingsViewController.h; sourceTree = "<group>"; };
		8B8D79D116667F1D00327778 /* FBUserSettingsViewController.m */ = {isa = PBXFileReference; fileEncoding = 4; lastKnownFileType = sourcecode.c.objc; path = FBUserSettingsViewController.m; sourceTree = "<group>"; };
		8B8D79D216667F1D00327778 /* FBUserSettingsViewResources.bundle */ = {isa = PBXFileReference; lastKnownFileType = "wrapper.plug-in"; path = FBUserSettingsViewResources.bundle; sourceTree = "<group>"; };
		8B8D79D316667F1D00327778 /* FBUtility.h */ = {isa = PBXFileReference; fileEncoding = 4; lastKnownFileType = sourcecode.c.h; path = FBUtility.h; sourceTree = "<group>"; };
		8B8D79D416667F1D00327778 /* FBUtility.m */ = {isa = PBXFileReference; fileEncoding = 4; lastKnownFileType = sourcecode.c.objc; path = FBUtility.m; sourceTree = "<group>"; };
		8B8D79D516667F1D00327778 /* FBViewController+Internal.h */ = {isa = PBXFileReference; fileEncoding = 4; lastKnownFileType = sourcecode.c.h; path = "FBViewController+Internal.h"; sourceTree = "<group>"; };
		8B8D79D616667F1D00327778 /* FBViewController.h */ = {isa = PBXFileReference; fileEncoding = 4; lastKnownFileType = sourcecode.c.h; path = FBViewController.h; sourceTree = "<group>"; };
		8B8D79D716667F1D00327778 /* FBViewController.m */ = {isa = PBXFileReference; fileEncoding = 4; lastKnownFileType = sourcecode.c.objc; path = FBViewController.m; sourceTree = "<group>"; };
		8B8D79DC16667F1D00327778 /* FBSBJSON.h */ = {isa = PBXFileReference; fileEncoding = 4; lastKnownFileType = sourcecode.c.h; path = FBSBJSON.h; sourceTree = "<group>"; };
		8B8D79DD16667F1D00327778 /* FBSBJSON.m */ = {isa = PBXFileReference; fileEncoding = 4; lastKnownFileType = sourcecode.c.objc; path = FBSBJSON.m; sourceTree = "<group>"; };
		8B8D79DE16667F1D00327778 /* FBSBJsonBase.h */ = {isa = PBXFileReference; fileEncoding = 4; lastKnownFileType = sourcecode.c.h; path = FBSBJsonBase.h; sourceTree = "<group>"; };
		8B8D79DF16667F1D00327778 /* FBSBJsonBase.m */ = {isa = PBXFileReference; fileEncoding = 4; lastKnownFileType = sourcecode.c.objc; path = FBSBJsonBase.m; sourceTree = "<group>"; };
		8B8D79E016667F1D00327778 /* FBSBJsonParser.h */ = {isa = PBXFileReference; fileEncoding = 4; lastKnownFileType = sourcecode.c.h; path = FBSBJsonParser.h; sourceTree = "<group>"; };
		8B8D79E116667F1D00327778 /* FBSBJsonParser.m */ = {isa = PBXFileReference; fileEncoding = 4; lastKnownFileType = sourcecode.c.objc; path = FBSBJsonParser.m; sourceTree = "<group>"; };
		8B8D79E216667F1D00327778 /* FBSBJsonWriter.h */ = {isa = PBXFileReference; fileEncoding = 4; lastKnownFileType = sourcecode.c.h; path = FBSBJsonWriter.h; sourceTree = "<group>"; };
		8B8D79E316667F1D00327778 /* FBSBJsonWriter.m */ = {isa = PBXFileReference; fileEncoding = 4; lastKnownFileType = sourcecode.c.objc; path = FBSBJsonWriter.m; sourceTree = "<group>"; };
		8B8D79E616667F1D00327778 /* 01package-contents.xml */ = {isa = PBXFileReference; fileEncoding = 4; lastKnownFileType = text.xml; path = "01package-contents.xml"; sourceTree = "<group>"; };
		8B8D79E716667F1D00327778 /* 01package.xml */ = {isa = PBXFileReference; fileEncoding = 4; lastKnownFileType = text.xml; path = 01package.xml; sourceTree = "<group>"; };
		8B8D79E816667F1D00327778 /* index.xml */ = {isa = PBXFileReference; fileEncoding = 4; lastKnownFileType = text.xml; path = index.xml; sourceTree = "<group>"; };
		B9A4167F16113EC3001E7A77 /* AdSupport.framework */ = {isa = PBXFileReference; lastKnownFileType = wrapper.framework; name = AdSupport.framework; path = System/Library/Frameworks/AdSupport.framework; sourceTree = SDKROOT; };
		DD37EA8E15ABA4920015966B /* FacebookSDK.framework */ = {isa = PBXFileReference; lastKnownFileType = wrapper.framework; name = FacebookSDK.framework; path = ../../build/FacebookSDK.framework; sourceTree = "<group>"; };
/* End PBXFileReference section */

/* Begin PBXFrameworksBuildPhase section */
		30EA735613F5D21B003DC0D2 /* Frameworks */ = {
			isa = PBXFrameworksBuildPhase;
			buildActionMask = 2147483647;
			files = (
				85A928C016114663008699F1 /* Social.framework in Frameworks */,
				B9A4168016113EC3001E7A77 /* AdSupport.framework in Frameworks */,
				84750AA0160A259400C1A13D /* Accounts.framework in Frameworks */,
				30EA73FC13F5D590003DC0D2 /* CoreLocation.framework in Frameworks */,
				30EA735E13F5D21B003DC0D2 /* UIKit.framework in Frameworks */,
				30EA736013F5D21B003DC0D2 /* Foundation.framework in Frameworks */,
				30EA736213F5D21B003DC0D2 /* CoreGraphics.framework in Frameworks */,
			);
			runOnlyForDeploymentPostprocessing = 0;
		};
/* End PBXFrameworksBuildPhase section */

/* Begin PBXGroup section */
		3018B43713F9B94B00F61944 /* iPad */ = {
			isa = PBXGroup;
			children = (
				3018B43813F9B94D00F61944 /* MainWindow-iPad.xib */,
			);
			name = iPad;
			sourceTree = "<group>";
		};
		30EA734E13F5D21B003DC0D2 = {
			isa = PBXGroup;
			children = (
				8B8D797E16667F1D00327778 /* src */,
				30EA736313F5D21B003DC0D2 /* Hackbook */,
				30EA735C13F5D21B003DC0D2 /* Frameworks */,
				30EA735A13F5D21B003DC0D2 /* Products */,
			);
			sourceTree = "<group>";
		};
		30EA735A13F5D21B003DC0D2 /* Products */ = {
			isa = PBXGroup;
			children = (
				30EA735913F5D21B003DC0D2 /* Hackbook.app */,
			);
			name = Products;
			sourceTree = "<group>";
		};
		30EA735C13F5D21B003DC0D2 /* Frameworks */ = {
			isa = PBXGroup;
			children = (
				85A928BF16114663008699F1 /* Social.framework */,
				B9A4167F16113EC3001E7A77 /* AdSupport.framework */,
				84750A9F160A259400C1A13D /* Accounts.framework */,
				DD37EA8E15ABA4920015966B /* FacebookSDK.framework */,
				30EA73FB13F5D590003DC0D2 /* CoreLocation.framework */,
				30EA735D13F5D21B003DC0D2 /* UIKit.framework */,
				30EA735F13F5D21B003DC0D2 /* Foundation.framework */,
				30EA736113F5D21B003DC0D2 /* CoreGraphics.framework */,
			);
			name = Frameworks;
			sourceTree = "<group>";
		};
		30EA736313F5D21B003DC0D2 /* Hackbook */ = {
			isa = PBXGroup;
			children = (
				3018B43713F9B94B00F61944 /* iPad */,
				30EA736C13F5D21B003DC0D2 /* HackbookAppDelegate.h */,
				30EA736D13F5D21B003DC0D2 /* HackbookAppDelegate.m */,
				30EA736F13F5D21B003DC0D2 /* MainWindow.xib */,
				30EA737213F5D21B003DC0D2 /* RootViewController.h */,
				30EA737313F5D21B003DC0D2 /* RootViewController.m */,
				30EA738D13F5D372003DC0D2 /* APICallsViewController.h */,
				30EA738E13F5D372003DC0D2 /* APICallsViewController.m */,
				30EA739313F5D372003DC0D2 /* APIResultsViewController.h */,
				30EA739413F5D372003DC0D2 /* APIResultsViewController.m */,
				30EA739013F5D372003DC0D2 /* DataSet.h */,
				30EA739113F5D372003DC0D2 /* DataSet.m */,
				30EA736413F5D21B003DC0D2 /* Supporting Files */,
			);
			path = Hackbook;
			sourceTree = "<group>";
		};
		30EA736413F5D21B003DC0D2 /* Supporting Files */ = {
			isa = PBXGroup;
			children = (
				85AFB4E0158F9C5B000AF7F5 /* Icon-72.png */,
				85AFB4E1158F9C5B000AF7F5 /* Icon-72@2x.png */,
				85AFB4E2158F9C5B000AF7F5 /* Icon.png */,
				85AFB4E3158F9C5B000AF7F5 /* Icon@2x.png */,
				30EA739213F5D372003DC0D2 /* Default.png */,
				30ED588B14358F8A00A226C3 /* Default@2x.png */,
				85C69D551602AFD4008AD9A0 /* Default-568h@2x.png */,
				30EA739713F5D372003DC0D2 /* MenuButton.png */,
				3085CC281415D68A00456CCC /* MenuButton@2x.png */,
				30EA736513F5D21B003DC0D2 /* Hackbook-Info.plist */,
				30EA736613F5D21B003DC0D2 /* InfoPlist.strings */,
				30EA736913F5D21B003DC0D2 /* Hackbook-Prefix.pch */,
				30EA736A13F5D21B003DC0D2 /* main.m */,
			);
			name = "Supporting Files";
			sourceTree = "<group>";
		};
		8B8D797E16667F1D00327778 /* src */ = {
			isa = PBXGroup;
			children = (
				8B8D798216667F1D00327778 /* Facebook.h */,
				8B8D798316667F1D00327778 /* Facebook.m */,
				8B8D798416667F1D00327778 /* facebook_ios_sdk_Prefix.pch */,
				8B8D798516667F1D00327778 /* FacebookSDK.h */,
				8B8D798616667F1D00327778 /* FacebookSDKResources.bundle */,
				8B8D798716667F1D00327778 /* FBCacheDescriptor.h */,
				8B8D798816667F1D00327778 /* FBCacheDescriptor.m */,
				8B8D798916667F1D00327778 /* FBCacheIndex.h */,
				8B8D798A16667F1D00327778 /* FBCacheIndex.m */,
				8B8D798B16667F1D00327778 /* FBConnect.h */,
				8B8D798C16667F1D00327778 /* FBContentLink.h */,
				8B8D798D16667F1D00327778 /* FBContentLink.m */,
				8B8D798E16667F1D00327778 /* FBDataDiskCache.h */,
				8B8D798F16667F1D00327778 /* FBDataDiskCache.m */,
				8B8D799016667F1D00327778 /* FBDialog.h */,
				8B8D799116667F1D00327778 /* FBDialog.m */,
				8B8D799216667F1D00327778 /* FBError.h */,
				8B8D799316667F1D00327778 /* FBError.m */,
				8B8D799416667F1D00327778 /* FBFrictionlessRequestSettings.h */,
				8B8D799516667F1D00327778 /* FBFrictionlessRequestSettings.m */,
				8B8D799616667F1D00327778 /* FBFriendPickerCacheDescriptor.h */,
				8B8D799716667F1D00327778 /* FBFriendPickerCacheDescriptor.m */,
				8B8D799816667F1D00327778 /* FBFriendPickerViewController+Internal.h */,
				8B8D799916667F1D00327778 /* FBFriendPickerViewController.h */,
				8B8D799A16667F1D00327778 /* FBFriendPickerViewController.m */,
				8B8D799B16667F1D00327778 /* FBGraphLocation.h */,
				8B8D799C16667F1D00327778 /* FBGraphObject.h */,
				8B8D799D16667F1D00327778 /* FBGraphObject.m */,
				8B8D799E16667F1D00327778 /* FBGraphObjectPagingLoader.h */,
				8B8D799F16667F1D00327778 /* FBGraphObjectPagingLoader.m */,
				8B8D79A016667F1D00327778 /* FBGraphObjectTableCell.h */,
				8B8D79A116667F1D00327778 /* FBGraphObjectTableCell.m */,
				8B8D79A216667F1D00327778 /* FBGraphObjectTableDataSource.h */,
				8B8D79A316667F1D00327778 /* FBGraphObjectTableDataSource.m */,
				8B8D79A416667F1D00327778 /* FBGraphObjectTableSelection.h */,
				8B8D79A516667F1D00327778 /* FBGraphObjectTableSelection.m */,
				8B8D79A616667F1D00327778 /* FBGraphPlace.h */,
				8B8D79A716667F1D00327778 /* FBGraphUser.h */,
				8B8D79A816667F1D00327778 /* FBLogger.h */,
				8B8D79A916667F1D00327778 /* FBLogger.m */,
				8B8D79AA16667F1D00327778 /* FBLoginDialog.h */,
				8B8D79AB16667F1D00327778 /* FBLoginDialog.m */,
				8B8D79AC16667F1D00327778 /* FBLoginView.h */,
				8B8D79AD16667F1D00327778 /* FBLoginView.m */,
				8B8D79AE16667F1D00327778 /* FBNativeDialogs.h */,
				8B8D79AF16667F1D00327778 /* FBNativeDialogs.m */,
				8B8D79B016667F1D00327778 /* FBOpenGraphAction.h */,
				8B8D79B116667F1D00327778 /* FBPlacePickerCacheDescriptor.h */,
				8B8D79B216667F1D00327778 /* FBPlacePickerCacheDescriptor.m */,
				8B8D79B316667F1D00327778 /* FBPlacePickerViewController+Internal.h */,
				8B8D79B416667F1D00327778 /* FBPlacePickerViewController.h */,
				8B8D79B516667F1D00327778 /* FBPlacePickerViewController.m */,
				8B8D79B616667F1D00327778 /* FBProfilePictureView.h */,
				8B8D79B716667F1D00327778 /* FBProfilePictureView.m */,
				8B8D79B816667F1D00327778 /* FBRequest.h */,
				8B8D79B916667F1D00327778 /* FBRequest.m */,
				8B8D79BA16667F1D00327778 /* FBRequestBody.h */,
				8B8D79BB16667F1D00327778 /* FBRequestBody.m */,
				8B8D79BC16667F1D00327778 /* FBRequestConnection+Internal.h */,
				8B8D79BD16667F1D00327778 /* FBRequestConnection.h */,
				8B8D79BE16667F1D00327778 /* FBRequestConnection.m */,
				8B8D79BF16667F1D00327778 /* FBSDKVersion.h */,
				8B8D79C016667F1D00327778 /* FBSession+Internal.h */,
				8B8D79C116667F1D00327778 /* FBSession+Protected.h */,
				8B8D79C216667F1D00327778 /* FBSession.h */,
				8B8D79C316667F1D00327778 /* FBSession.m */,
				8B8D79C416667F1D00327778 /* FBSessionManualTokenCachingStrategy.h */,
				8B8D79C516667F1D00327778 /* FBSessionManualTokenCachingStrategy.m */,
				8B8D79C616667F1D00327778 /* FBSessionTokenCachingStrategy.h */,
				8B8D79C716667F1D00327778 /* FBSessionTokenCachingStrategy.m */,
				8B8D79C816667F1D00327778 /* FBSettings+Internal.h */,
				8B8D79C916667F1D00327778 /* FBSettings.h */,
				8B8D79CA16667F1D00327778 /* FBSettings.m */,
				8B8D79CB16667F1D00327778 /* FBTestSession+Internal.h */,
				8B8D79CC16667F1D00327778 /* FBTestSession.h */,
				8B8D79CD16667F1D00327778 /* FBTestSession.m */,
				8B8D79CE16667F1D00327778 /* FBURLConnection.h */,
				8B8D79CF16667F1D00327778 /* FBURLConnection.m */,
				8B8D79D016667F1D00327778 /* FBUserSettingsViewController.h */,
				8B8D79D116667F1D00327778 /* FBUserSettingsViewController.m */,
				8B8D79D216667F1D00327778 /* FBUserSettingsViewResources.bundle */,
				8B8D79D316667F1D00327778 /* FBUtility.h */,
				8B8D79D416667F1D00327778 /* FBUtility.m */,
				8B8D79D516667F1D00327778 /* FBViewController+Internal.h */,
				8B8D79D616667F1D00327778 /* FBViewController.h */,
				8B8D79D716667F1D00327778 /* FBViewController.m */,
				8B8D79DB16667F1D00327778 /* JSON */,
				8B8D79E416667F1D00327778 /* Package */,
			);
			name = src;
			path = ../../src;
			sourceTree = "<group>";
		};
		8B8D79DB16667F1D00327778 /* JSON */ = {
			isa = PBXGroup;
			children = (
				8B8D79DC16667F1D00327778 /* FBSBJSON.h */,
				8B8D79DD16667F1D00327778 /* FBSBJSON.m */,
				8B8D79DE16667F1D00327778 /* FBSBJsonBase.h */,
				8B8D79DF16667F1D00327778 /* FBSBJsonBase.m */,
				8B8D79E016667F1D00327778 /* FBSBJsonParser.h */,
				8B8D79E116667F1D00327778 /* FBSBJsonParser.m */,
				8B8D79E216667F1D00327778 /* FBSBJsonWriter.h */,
				8B8D79E316667F1D00327778 /* FBSBJsonWriter.m */,
			);
			path = JSON;
			sourceTree = "<group>";
		};
		8B8D79E416667F1D00327778 /* Package */ = {
			isa = PBXGroup;
			children = (
				8B8D79E516667F1D00327778 /* FacebookSDK.pmdoc */,
			);
			path = Package;
			sourceTree = "<group>";
		};
		8B8D79E516667F1D00327778 /* FacebookSDK.pmdoc */ = {
			isa = PBXGroup;
			children = (
				8B8D79E616667F1D00327778 /* 01package-contents.xml */,
				8B8D79E716667F1D00327778 /* 01package.xml */,
				8B8D79E816667F1D00327778 /* index.xml */,
			);
			path = FacebookSDK.pmdoc;
			sourceTree = "<group>";
		};
/* End PBXGroup section */

/* Begin PBXNativeTarget section */
		30EA735813F5D21B003DC0D2 /* Hackbook */ = {
			isa = PBXNativeTarget;
			buildConfigurationList = 30EA737A13F5D21B003DC0D2 /* Build configuration list for PBXNativeTarget "Hackbook" */;
			buildPhases = (
				30EA735513F5D21B003DC0D2 /* Sources */,
				30EA735613F5D21B003DC0D2 /* Frameworks */,
				30EA735713F5D21B003DC0D2 /* Resources */,
			);
			buildRules = (
			);
			dependencies = (
			);
			name = Hackbook;
			productName = Hackbook;
			productReference = 30EA735913F5D21B003DC0D2 /* Hackbook.app */;
			productType = "com.apple.product-type.application";
		};
/* End PBXNativeTarget section */

/* Begin PBXProject section */
		30EA735013F5D21B003DC0D2 /* Project object */ = {
			isa = PBXProject;
			attributes = {
				LastUpgradeCheck = 0420;
			};
			buildConfigurationList = 30EA735313F5D21B003DC0D2 /* Build configuration list for PBXProject "Hackbook" */;
			compatibilityVersion = "Xcode 3.2";
			developmentRegion = English;
			hasScannedForEncodings = 0;
			knownRegions = (
				en,
			);
			mainGroup = 30EA734E13F5D21B003DC0D2;
			productRefGroup = 30EA735A13F5D21B003DC0D2 /* Products */;
			projectDirPath = "";
			projectRoot = "";
			targets = (
				30EA735813F5D21B003DC0D2 /* Hackbook */,
			);
		};
/* End PBXProject section */

/* Begin PBXResourcesBuildPhase section */
		30EA735713F5D21B003DC0D2 /* Resources */ = {
			isa = PBXResourcesBuildPhase;
			buildActionMask = 2147483647;
			files = (
				30EA736813F5D21B003DC0D2 /* InfoPlist.strings in Resources */,
				30EA737113F5D21B003DC0D2 /* MainWindow.xib in Resources */,
				30EA739B13F5D372003DC0D2 /* Default.png in Resources */,
				30EA739F13F5D372003DC0D2 /* MenuButton.png in Resources */,
				3018B43A13F9B94D00F61944 /* MainWindow-iPad.xib in Resources */,
				3085CC291415D68A00456CCC /* MenuButton@2x.png in Resources */,
				30ED588C14358F8A00A226C3 /* Default@2x.png in Resources */,
				85AFB4E4158F9C5B000AF7F5 /* Icon-72.png in Resources */,
				85AFB4E5158F9C5B000AF7F5 /* Icon-72@2x.png in Resources */,
				85AFB4E6158F9C5B000AF7F5 /* Icon.png in Resources */,
				85AFB4E7158F9C5B000AF7F5 /* Icon@2x.png in Resources */,
				85C69D561602AFD4008AD9A0 /* Default-568h@2x.png in Resources */,
				8B8D7A0816667F1D00327778 /* FacebookSDKResources.bundle in Resources */,
				8B8D7A2816667F1D00327778 /* FBUserSettingsViewResources.bundle in Resources */,
				8B8D7A3016667F1D00327778 /* 01package-contents.xml in Resources */,
				8B8D7A3116667F1D00327778 /* 01package.xml in Resources */,
				8B8D7A3216667F1D00327778 /* index.xml in Resources */,
			);
			runOnlyForDeploymentPostprocessing = 0;
		};
/* End PBXResourcesBuildPhase section */

/* Begin PBXSourcesBuildPhase section */
		30EA735513F5D21B003DC0D2 /* Sources */ = {
			isa = PBXSourcesBuildPhase;
			buildActionMask = 2147483647;
			files = (
				30EA736B13F5D21B003DC0D2 /* main.m in Sources */,
				30EA736E13F5D21B003DC0D2 /* HackbookAppDelegate.m in Sources */,
				30EA737413F5D21B003DC0D2 /* RootViewController.m in Sources */,
				30EA739813F5D372003DC0D2 /* APICallsViewController.m in Sources */,
				30EA739A13F5D372003DC0D2 /* DataSet.m in Sources */,
				30EA739C13F5D372003DC0D2 /* APIResultsViewController.m in Sources */,
				8B8D7A0716667F1D00327778 /* Facebook.m in Sources */,
				8B8D7A0916667F1D00327778 /* FBCacheDescriptor.m in Sources */,
				8B8D7A0A16667F1D00327778 /* FBCacheIndex.m in Sources */,
				8B8D7A0B16667F1D00327778 /* FBContentLink.m in Sources */,
				8B8D7A0C16667F1D00327778 /* FBDataDiskCache.m in Sources */,
				8B8D7A0D16667F1D00327778 /* FBDialog.m in Sources */,
				8B8D7A0E16667F1D00327778 /* FBError.m in Sources */,
				8B8D7A0F16667F1D00327778 /* FBFrictionlessRequestSettings.m in Sources */,
				8B8D7A1016667F1D00327778 /* FBFriendPickerCacheDescriptor.m in Sources */,
				8B8D7A1116667F1D00327778 /* FBFriendPickerViewController.m in Sources */,
				8B8D7A1216667F1D00327778 /* FBGraphObject.m in Sources */,
				8B8D7A1316667F1D00327778 /* FBGraphObjectPagingLoader.m in Sources */,
				8B8D7A1416667F1D00327778 /* FBGraphObjectTableCell.m in Sources */,
				8B8D7A1516667F1D00327778 /* FBGraphObjectTableDataSource.m in Sources */,
				8B8D7A1616667F1D00327778 /* FBGraphObjectTableSelection.m in Sources */,
				8B8D7A1716667F1D00327778 /* FBLogger.m in Sources */,
				8B8D7A1816667F1D00327778 /* FBLoginDialog.m in Sources */,
				8B8D7A1916667F1D00327778 /* FBLoginView.m in Sources */,
				8B8D7A1A16667F1D00327778 /* FBNativeDialogs.m in Sources */,
				8B8D7A1B16667F1D00327778 /* FBPlacePickerCacheDescriptor.m in Sources */,
				8B8D7A1C16667F1D00327778 /* FBPlacePickerViewController.m in Sources */,
				8B8D7A1D16667F1D00327778 /* FBProfilePictureView.m in Sources */,
				8B8D7A1E16667F1D00327778 /* FBRequest.m in Sources */,
				8B8D7A1F16667F1D00327778 /* FBRequestBody.m in Sources */,
				8B8D7A2016667F1D00327778 /* FBRequestConnection.m in Sources */,
				8B8D7A2116667F1D00327778 /* FBSession.m in Sources */,
				8B8D7A2216667F1D00327778 /* FBSessionManualTokenCachingStrategy.m in Sources */,
				8B8D7A2316667F1D00327778 /* FBSessionTokenCachingStrategy.m in Sources */,
				8B8D7A2416667F1D00327778 /* FBSettings.m in Sources */,
				8B8D7A2516667F1D00327778 /* FBTestSession.m in Sources */,
				8B8D7A2616667F1D00327778 /* FBURLConnection.m in Sources */,
				8B8D7A2716667F1D00327778 /* FBUserSettingsViewController.m in Sources */,
				8B8D7A2916667F1D00327778 /* FBUtility.m in Sources */,
				8B8D7A2A16667F1D00327778 /* FBViewController.m in Sources */,
				8B8D7A2C16667F1D00327778 /* FBSBJSON.m in Sources */,
				8B8D7A2D16667F1D00327778 /* FBSBJsonBase.m in Sources */,
				8B8D7A2E16667F1D00327778 /* FBSBJsonParser.m in Sources */,
				8B8D7A2F16667F1D00327778 /* FBSBJsonWriter.m in Sources */,
			);
			runOnlyForDeploymentPostprocessing = 0;
		};
/* End PBXSourcesBuildPhase section */

/* Begin PBXVariantGroup section */
		3018B43813F9B94D00F61944 /* MainWindow-iPad.xib */ = {
			isa = PBXVariantGroup;
			children = (
				3018B43913F9B94D00F61944 /* en */,
			);
			name = "MainWindow-iPad.xib";
			sourceTree = "<group>";
		};
		30EA736613F5D21B003DC0D2 /* InfoPlist.strings */ = {
			isa = PBXVariantGroup;
			children = (
				30EA736713F5D21B003DC0D2 /* en */,
			);
			name = InfoPlist.strings;
			sourceTree = "<group>";
		};
		30EA736F13F5D21B003DC0D2 /* MainWindow.xib */ = {
			isa = PBXVariantGroup;
			children = (
				30EA737013F5D21B003DC0D2 /* en */,
			);
			name = MainWindow.xib;
			sourceTree = "<group>";
		};
/* End PBXVariantGroup section */

/* Begin XCBuildConfiguration section */
		30EA737813F5D21B003DC0D2 /* Debug */ = {
			isa = XCBuildConfiguration;
			buildSettings = {
				ARCHS = "$(ARCHS_STANDARD_32_BIT)";
				"ARCHS[sdk=iphonesimulator*]" = "$(ARCHS_STANDARD_32_BIT)";
				"CODE_SIGN_IDENTITY[sdk=iphoneos*]" = "iPhone Developer";
				GCC_C_LANGUAGE_STANDARD = gnu99;
				GCC_OPTIMIZATION_LEVEL = 0;
				GCC_PREPROCESSOR_DEFINITIONS = DEBUG;
				GCC_SYMBOLS_PRIVATE_EXTERN = NO;
				GCC_VERSION = com.apple.compilers.llvm.clang.1_0;
				GCC_WARN_ABOUT_RETURN_TYPE = YES;
				GCC_WARN_UNUSED_VARIABLE = YES;
				IPHONEOS_DEPLOYMENT_TARGET = 4.0;
				SDKROOT = iphoneos;
			};
			name = Debug;
		};
		30EA737913F5D21B003DC0D2 /* Release */ = {
			isa = XCBuildConfiguration;
			buildSettings = {
				ARCHS = "$(ARCHS_STANDARD_32_BIT)";
				"CODE_SIGN_IDENTITY[sdk=iphoneos*]" = "iPhone Developer";
				GCC_C_LANGUAGE_STANDARD = gnu99;
				GCC_VERSION = com.apple.compilers.llvm.clang.1_0;
				GCC_WARN_ABOUT_RETURN_TYPE = YES;
				GCC_WARN_UNUSED_VARIABLE = YES;
				IPHONEOS_DEPLOYMENT_TARGET = 4.0;
				OTHER_CFLAGS = "-DNS_BLOCK_ASSERTIONS=1";
				SDKROOT = iphoneos;
			};
			name = Release;
		};
		30EA737B13F5D21B003DC0D2 /* Debug */ = {
			isa = XCBuildConfiguration;
			buildSettings = {
				ALWAYS_SEARCH_USER_PATHS = NO;
				COPY_PHASE_STRIP = NO;
				FRAMEWORK_SEARCH_PATHS = (
					"$(inherited)",
					"\"$(SRCROOT)/../../build\"",
				);
				GCC_DYNAMIC_NO_PIC = NO;
				GCC_PRECOMPILE_PREFIX_HEADER = YES;
				GCC_PREFIX_HEADER = "Hackbook/Hackbook-Prefix.pch";
				INFOPLIST_FILE = "Hackbook/Hackbook-Info.plist";
				IPHONEOS_DEPLOYMENT_TARGET = 4.0;
				OTHER_LDFLAGS = "-lsqlite3.0";
				PRODUCT_NAME = Hackbook;
				TARGETED_DEVICE_FAMILY = "1,2";
				WRAPPER_EXTENSION = app;
			};
			name = Debug;
		};
		30EA737C13F5D21B003DC0D2 /* Release */ = {
			isa = XCBuildConfiguration;
			buildSettings = {
				ALWAYS_SEARCH_USER_PATHS = NO;
				COPY_PHASE_STRIP = YES;
				FRAMEWORK_SEARCH_PATHS = (
					"$(inherited)",
					"\"$(SRCROOT)/../../build\"",
				);
				GCC_PRECOMPILE_PREFIX_HEADER = YES;
				GCC_PREFIX_HEADER = "Hackbook/Hackbook-Prefix.pch";
				INFOPLIST_FILE = "Hackbook/Hackbook-Info.plist";
				IPHONEOS_DEPLOYMENT_TARGET = 4.0;
				OTHER_LDFLAGS = "-lsqlite3.0";
				PRODUCT_NAME = Hackbook;
				TARGETED_DEVICE_FAMILY = "1,2";
				VALIDATE_PRODUCT = YES;
				WRAPPER_EXTENSION = app;
			};
			name = Release;
		};
/* End XCBuildConfiguration section */

/* Begin XCConfigurationList section */
		30EA735313F5D21B003DC0D2 /* Build configuration list for PBXProject "Hackbook" */ = {
			isa = XCConfigurationList;
			buildConfigurations = (
				30EA737813F5D21B003DC0D2 /* Debug */,
				30EA737913F5D21B003DC0D2 /* Release */,
			);
			defaultConfigurationIsVisible = 0;
			defaultConfigurationName = Release;
		};
		30EA737A13F5D21B003DC0D2 /* Build configuration list for PBXNativeTarget "Hackbook" */ = {
			isa = XCConfigurationList;
			buildConfigurations = (
				30EA737B13F5D21B003DC0D2 /* Debug */,
				30EA737C13F5D21B003DC0D2 /* Release */,
			);
			defaultConfigurationIsVisible = 0;
			defaultConfigurationName = Release;
		};
/* End XCConfigurationList section */
	};
	rootObject = 30EA735013F5D21B003DC0D2 /* Project object */;
}
